// !$*UTF8*$!
{
	archiveVersion = 1;
	classes = {
	};
	objectVersion = 46;
	objects = {

/* Begin PBXBuildFile section */
		CDD3CD191AF9134000F7AF27 /* AppDelegate.swift in Sources */ = {isa = PBXBuildFile; fileRef = CDD3CD181AF9134000F7AF27 /* AppDelegate.swift */; };
		CDD3CD1C1AF9134000F7AF27 /* CoreData.xcdatamodeld in Sources */ = {isa = PBXBuildFile; fileRef = CDD3CD1A1AF9134000F7AF27 /* CoreData.xcdatamodeld */; };
		CDD3CD1E1AF9134000F7AF27 /* ViewController.swift in Sources */ = {isa = PBXBuildFile; fileRef = CDD3CD1D1AF9134000F7AF27 /* ViewController.swift */; };
		CDD3CD211AF9134000F7AF27 /* Main.storyboard in Resources */ = {isa = PBXBuildFile; fileRef = CDD3CD1F1AF9134000F7AF27 /* Main.storyboard */; };
		CDD3CD231AF9134000F7AF27 /* Images.xcassets in Resources */ = {isa = PBXBuildFile; fileRef = CDD3CD221AF9134000F7AF27 /* Images.xcassets */; };
		CDD3CD261AF9134000F7AF27 /* LaunchScreen.xib in Resources */ = {isa = PBXBuildFile; fileRef = CDD3CD241AF9134000F7AF27 /* LaunchScreen.xib */; };
		CDD3CD321AF9134000F7AF27 /* CoreDataTests.swift in Sources */ = {isa = PBXBuildFile; fileRef = CDD3CD311AF9134000F7AF27 /* CoreDataTests.swift */; };
		CDD3CD3D1AF914DC00F7AF27 /* search.png in Resources */ = {isa = PBXBuildFile; fileRef = CDD3CD3B1AF914DC00F7AF27 /* search.png */; };
		CDD3CD3E1AF914DC00F7AF27 /* adduser.png in Resources */ = {isa = PBXBuildFile; fileRef = CDD3CD3C1AF914DC00F7AF27 /* adduser.png */; };
/* End PBXBuildFile section */

/* Begin PBXContainerItemProxy section */
		CDD3CD2C1AF9134000F7AF27 /* PBXContainerItemProxy */ = {
			isa = PBXContainerItemProxy;
			containerPortal = CDD3CD0B1AF9134000F7AF27 /* Project object */;
			proxyType = 1;
			remoteGlobalIDString = CDD3CD121AF9134000F7AF27;
			remoteInfo = CoreData;
		};
/* End PBXContainerItemProxy section */

/* Begin PBXFileReference section */
		CDD3CD131AF9134000F7AF27 /* CoreData.app */ = {isa = PBXFileReference; explicitFileType = wrapper.application; includeInIndex = 0; path = CoreData.app; sourceTree = BUILT_PRODUCTS_DIR; };
		CDD3CD171AF9134000F7AF27 /* Info.plist */ = {isa = PBXFileReference; lastKnownFileType = text.plist.xml; path = Info.plist; sourceTree = "<group>"; };
		CDD3CD181AF9134000F7AF27 /* AppDelegate.swift */ = {isa = PBXFileReference; lastKnownFileType = sourcecode.swift; path = AppDelegate.swift; sourceTree = "<group>"; };
		CDD3CD1B1AF9134000F7AF27 /* CoreData.xcdatamodel */ = {isa = PBXFileReference; lastKnownFileType = wrapper.xcdatamodel; path = CoreData.xcdatamodel; sourceTree = "<group>"; };
		CDD3CD1D1AF9134000F7AF27 /* ViewController.swift */ = {isa = PBXFileReference; lastKnownFileType = sourcecode.swift; path = ViewController.swift; sourceTree = "<group>"; };
		CDD3CD201AF9134000F7AF27 /* Base */ = {isa = PBXFileReference; lastKnownFileType = file.storyboard; name = Base; path = Base.lproj/Main.storyboard; sourceTree = "<group>"; };
		CDD3CD221AF9134000F7AF27 /* Images.xcassets */ = {isa = PBXFileReference; lastKnownFileType = folder.assetcatalog; path = Images.xcassets; sourceTree = "<group>"; };
		CDD3CD251AF9134000F7AF27 /* Base */ = {isa = PBXFileReference; lastKnownFileType = file.xib; name = Base; path = Base.lproj/LaunchScreen.xib; sourceTree = "<group>"; };
		CDD3CD2B1AF9134000F7AF27 /* CoreDataTests.xctest */ = {isa = PBXFileReference; explicitFileType = wrapper.cfbundle; includeInIndex = 0; path = CoreDataTests.xctest; sourceTree = BUILT_PRODUCTS_DIR; };
		CDD3CD301AF9134000F7AF27 /* Info.plist */ = {isa = PBXFileReference; lastKnownFileType = text.plist.xml; path = Info.plist; sourceTree = "<group>"; };
		CDD3CD311AF9134000F7AF27 /* CoreDataTests.swift */ = {isa = PBXFileReference; lastKnownFileType = sourcecode.swift; path = CoreDataTests.swift; sourceTree = "<group>"; };
		CDD3CD3B1AF914DC00F7AF27 /* search.png */ = {isa = PBXFileReference; lastKnownFileType = image.png; path = search.png; sourceTree = "<group>"; };
		CDD3CD3C1AF914DC00F7AF27 /* adduser.png */ = {isa = PBXFileReference; lastKnownFileType = image.png; path = adduser.png; sourceTree = "<group>"; };
/* End PBXFileReference section */

/* Begin PBXFrameworksBuildPhase section */
		CDD3CD101AF9134000F7AF27 /* Frameworks */ = {
			isa = PBXFrameworksBuildPhase;
			buildActionMask = 2147483647;
			files = (
			);
			runOnlyForDeploymentPostprocessing = 0;
		};
		CDD3CD281AF9134000F7AF27 /* Frameworks */ = {
			isa = PBXFrameworksBuildPhase;
			buildActionMask = 2147483647;
			files = (
			);
			runOnlyForDeploymentPostprocessing = 0;
		};
/* End PBXFrameworksBuildPhase section */

/* Begin PBXGroup section */
		CDD3CD0A1AF9134000F7AF27 = {
			isa = PBXGroup;
			children = (
				CDD3CD151AF9134000F7AF27 /* CoreData */,
				CDD3CD2E1AF9134000F7AF27 /* CoreDataTests */,
				CDD3CD141AF9134000F7AF27 /* Products */,
			);
			sourceTree = "<group>";
		};
		CDD3CD141AF9134000F7AF27 /* Products */ = {
			isa = PBXGroup;
			children = (
				CDD3CD131AF9134000F7AF27 /* CoreData.app */,
				CDD3CD2B1AF9134000F7AF27 /* CoreDataTests.xctest */,
			);
			name = Products;
			sourceTree = "<group>";
		};
		CDD3CD151AF9134000F7AF27 /* CoreData */ = {
			isa = PBXGroup;
			children = (
				CDD3CD3B1AF914DC00F7AF27 /* search.png */,
				CDD3CD3C1AF914DC00F7AF27 /* adduser.png */,
				CDD3CD181AF9134000F7AF27 /* AppDelegate.swift */,
				CDD3CD1D1AF9134000F7AF27 /* ViewController.swift */,
				CDD3CD1F1AF9134000F7AF27 /* Main.storyboard */,
				CDD3CD221AF9134000F7AF27 /* Images.xcassets */,
				CDD3CD241AF9134000F7AF27 /* LaunchScreen.xib */,
				CDD3CD1A1AF9134000F7AF27 /* CoreData.xcdatamodeld */,
				CDD3CD161AF9134000F7AF27 /* Supporting Files */,
			);
			path = CoreData;
			sourceTree = "<group>";
		};
		CDD3CD161AF9134000F7AF27 /* Supporting Files */ = {
			isa = PBXGroup;
			children = (
				CDD3CD171AF9134000F7AF27 /* Info.plist */,
			);
			name = "Supporting Files";
			sourceTree = "<group>";
		};
		CDD3CD2E1AF9134000F7AF27 /* CoreDataTests */ = {
			isa = PBXGroup;
			children = (
				CDD3CD311AF9134000F7AF27 /* CoreDataTests.swift */,
				CDD3CD2F1AF9134000F7AF27 /* Supporting Files */,
			);
			path = CoreDataTests;
			sourceTree = "<group>";
		};
		CDD3CD2F1AF9134000F7AF27 /* Supporting Files */ = {
			isa = PBXGroup;
			children = (
				CDD3CD301AF9134000F7AF27 /* Info.plist */,
			);
			name = "Supporting Files";
			sourceTree = "<group>";
		};
/* End PBXGroup section */

/* Begin PBXNativeTarget section */
		CDD3CD121AF9134000F7AF27 /* CoreData */ = {
			isa = PBXNativeTarget;
			buildConfigurationList = CDD3CD351AF9134000F7AF27 /* Build configuration list for PBXNativeTarget "CoreData" */;
			buildPhases = (
				CDD3CD0F1AF9134000F7AF27 /* Sources */,
				CDD3CD101AF9134000F7AF27 /* Frameworks */,
				CDD3CD111AF9134000F7AF27 /* Resources */,
			);
			buildRules = (
			);
			dependencies = (
			);
			name = CoreData;
			productName = CoreData;
			productReference = CDD3CD131AF9134000F7AF27 /* CoreData.app */;
			productType = "com.apple.product-type.application";
		};
		CDD3CD2A1AF9134000F7AF27 /* CoreDataTests */ = {
			isa = PBXNativeTarget;
			buildConfigurationList = CDD3CD381AF9134000F7AF27 /* Build configuration list for PBXNativeTarget "CoreDataTests" */;
			buildPhases = (
				CDD3CD271AF9134000F7AF27 /* Sources */,
				CDD3CD281AF9134000F7AF27 /* Frameworks */,
				CDD3CD291AF9134000F7AF27 /* Resources */,
			);
			buildRules = (
			);
			dependencies = (
				CDD3CD2D1AF9134000F7AF27 /* PBXTargetDependency */,
			);
			name = CoreDataTests;
			productName = CoreDataTests;
			productReference = CDD3CD2B1AF9134000F7AF27 /* CoreDataTests.xctest */;
			productType = "com.apple.product-type.bundle.unit-test";
		};
/* End PBXNativeTarget section */

/* Begin PBXProject section */
		CDD3CD0B1AF9134000F7AF27 /* Project object */ = {
			isa = PBXProject;
			attributes = {
				LastUpgradeCheck = 0630;
				ORGANIZATIONNAME = "Nick Ludlow";
				TargetAttributes = {
					CDD3CD121AF9134000F7AF27 = {
						CreatedOnToolsVersion = 6.3.1;
					};
					CDD3CD2A1AF9134000F7AF27 = {
						CreatedOnToolsVersion = 6.3.1;
						TestTargetID = CDD3CD121AF9134000F7AF27;
					};
				};
			};
			buildConfigurationList = CDD3CD0E1AF9134000F7AF27 /* Build configuration list for PBXProject "CoreData" */;
			compatibilityVersion = "Xcode 3.2";
			developmentRegion = English;
			hasScannedForEncodings = 0;
			knownRegions = (
				en,
				Base,
			);
			mainGroup = CDD3CD0A1AF9134000F7AF27;
			productRefGroup = CDD3CD141AF9134000F7AF27 /* Products */;
			projectDirPath = "";
			projectRoot = "";
			targets = (
				CDD3CD121AF9134000F7AF27 /* CoreData */,
				CDD3CD2A1AF9134000F7AF27 /* CoreDataTests */,
			);
		};
/* End PBXProject section */

/* Begin PBXResourcesBuildPhase section */
		CDD3CD111AF9134000F7AF27 /* Resources */ = {
			isa = PBXResourcesBuildPhase;
			buildActionMask = 2147483647;
			files = (
				CDD3CD3E1AF914DC00F7AF27 /* adduser.png in Resources */,
				CDD3CD211AF9134000F7AF27 /* Main.storyboard in Resources */,
				CDD3CD261AF9134000F7AF27 /* LaunchScreen.xib in Resources */,
				CDD3CD231AF9134000F7AF27 /* Images.xcassets in Resources */,
				CDD3CD3D1AF914DC00F7AF27 /* search.png in Resources */,
			);
			runOnlyForDeploymentPostprocessing = 0;
		};
		CDD3CD291AF9134000F7AF27 /* Resources */ = {
			isa = PBXResourcesBuildPhase;
			buildActionMask = 2147483647;
			files = (
			);
			runOnlyForDeploymentPostprocessing = 0;
		};
/* End PBXResourcesBuildPhase section */

/* Begin PBXSourcesBuildPhase section */
		CDD3CD0F1AF9134000F7AF27 /* Sources */ = {
			isa = PBXSourcesBuildPhase;
			buildActionMask = 2147483647;
			files = (
				CDD3CD1E1AF9134000F7AF27 /* ViewController.swift in Sources */,
				CDD3CD1C1AF9134000F7AF27 /* CoreData.xcdatamodeld in Sources */,
				CDD3CD191AF9134000F7AF27 /* AppDelegate.swift in Sources */,
			);
			runOnlyForDeploymentPostprocessing = 0;
		};
		CDD3CD271AF9134000F7AF27 /* Sources */ = {
			isa = PBXSourcesBuildPhase;
			buildActionMask = 2147483647;
			files = (
				CDD3CD321AF9134000F7AF27 /* CoreDataTests.swift in Sources */,
			);
			runOnlyForDeploymentPostprocessing = 0;
		};
/* End PBXSourcesBuildPhase section */

/* Begin PBXTargetDependency section */
		CDD3CD2D1AF9134000F7AF27 /* PBXTargetDependency */ = {
			isa = PBXTargetDependency;
			target = CDD3CD121AF9134000F7AF27 /* CoreData */;
			targetProxy = CDD3CD2C1AF9134000F7AF27 /* PBXContainerItemProxy */;
		};
/* End PBXTargetDependency section */

/* Begin PBXVariantGroup section */
		CDD3CD1F1AF9134000F7AF27 /* Main.storyboard */ = {
			isa = PBXVariantGroup;
			children = (
				CDD3CD201AF9134000F7AF27 /* Base */,
			);
			name = Main.storyboard;
			sourceTree = "<group>";
		};
		CDD3CD241AF9134000F7AF27 /* LaunchScreen.xib */ = {
			isa = PBXVariantGroup;
			children = (
				CDD3CD251AF9134000F7AF27 /* Base */,
			);
			name = LaunchScreen.xib;
			sourceTree = "<group>";
		};
/* End PBXVariantGroup section */

/* Begin XCBuildConfiguration section */
		CDD3CD331AF9134000F7AF27 /* Debug */ = {
			isa = XCBuildConfiguration;
			buildSettings = {
				ALWAYS_SEARCH_USER_PATHS = NO;
				CLANG_CXX_LANGUAGE_STANDARD = "gnu++0x";
				CLANG_CXX_LIBRARY = "libc++";
				CLANG_ENABLE_MODULES = YES;
				CLANG_ENABLE_OBJC_ARC = YES;
				CLANG_WARN_BOOL_CONVERSION = YES;
				CLANG_WARN_CONSTANT_CONVERSION = YES;
				CLANG_WARN_DIRECT_OBJC_ISA_USAGE = YES_ERROR;
				CLANG_WARN_EMPTY_BODY = YES;
				CLANG_WARN_ENUM_CONVERSION = YES;
				CLANG_WARN_INT_CONVERSION = YES;
				CLANG_WARN_OBJC_ROOT_CLASS = YES_ERROR;
				CLANG_WARN_UNREACHABLE_CODE = YES;
				CLANG_WARN__DUPLICATE_METHOD_MATCH = YES;
				"CODE_SIGN_IDENTITY[sdk=iphoneos*]" = "iPhone Developer";
				COPY_PHASE_STRIP = NO;
				DEBUG_INFORMATION_FORMAT = "dwarf-with-dsym";
				ENABLE_STRICT_OBJC_MSGSEND = YES;
				GCC_C_LANGUAGE_STANDARD = gnu99;
				GCC_DYNAMIC_NO_PIC = NO;
				GCC_NO_COMMON_BLOCKS = YES;
				GCC_OPTIMIZATION_LEVEL = 0;
				GCC_PREPROCESSOR_DEFINITIONS = (
					"DEBUG=1",
					"$(inherited)",
				);
				GCC_SYMBOLS_PRIVATE_EXTERN = NO;
				GCC_WARN_64_TO_32_BIT_CONVERSION = YES;
				GCC_WARN_ABOUT_RETURN_TYPE = YES_ERROR;
				GCC_WARN_UNDECLARED_SELECTOR = YES;
				GCC_WARN_UNINITIALIZED_AUTOS = YES_AGGRESSIVE;
				GCC_WARN_UNUSED_FUNCTION = YES;
				GCC_WARN_UNUSED_VARIABLE = YES;
				IPHONEOS_DEPLOYMENT_TARGET = 8.3;
				MTL_ENABLE_DEBUG_INFO = YES;
				ONLY_ACTIVE_ARCH = YES;
				SDKROOT = iphoneos;
				SWIFT_OPTIMIZATION_LEVEL = "-Onone";
			};
			name = Debug;
		};
		CDD3CD341AF9134000F7AF27 /* Release */ = {
			isa = XCBuildConfiguration;
			buildSettings = {
				ALWAYS_SEARCH_USER_PATHS = NO;
				CLANG_CXX_LANGUAGE_STANDARD = "gnu++0x";
				CLANG_CXX_LIBRARY = "libc++";
				CLANG_ENABLE_MODULES = YES;
				CLANG_ENABLE_OBJC_ARC = YES;
				CLANG_WARN_BOOL_CONVERSION = YES;
				CLANG_WARN_CONSTANT_CONVERSION = YES;
				CLANG_WARN_DIRECT_OBJC_ISA_USAGE = YES_ERROR;
				CLANG_WARN_EMPTY_BODY = YES;
				CLANG_WARN_ENUM_CONVERSION = YES;
				CLANG_WARN_INT_CONVERSION = YES;
				CLANG_WARN_OBJC_ROOT_CLASS = YES_ERROR;
				CLANG_WARN_UNREACHABLE_CODE = YES;
				CLANG_WARN__DUPLICATE_METHOD_MATCH = YES;
				"CODE_SIGN_IDENTITY[sdk=iphoneos*]" = "iPhone Developer";
				COPY_PHASE_STRIP = NO;
				DEBUG_INFORMATION_FORMAT = "dwarf-with-dsym";
				ENABLE_NS_ASSERTIONS = NO;
				ENABLE_STRICT_OBJC_MSGSEND = YES;
				GCC_C_LANGUAGE_STANDARD = gnu99;
				GCC_NO_COMMON_BLOCKS = YES;
				GCC_WARN_64_TO_32_BIT_CONVERSION = YES;
				GCC_WARN_ABOUT_RETURN_TYPE = YES_ERROR;
				GCC_WARN_UNDECLARED_SELECTOR = YES;
				GCC_WARN_UNINITIALIZED_AUTOS = YES_AGGRESSIVE;
				GCC_WARN_UNUSED_FUNCTION = YES;
				GCC_WARN_UNUSED_VARIABLE = YES;
				IPHONEOS_DEPLOYMENT_TARGET = 8.3;
				MTL_ENABLE_DEBUG_INFO = NO;
				SDKROOT = iphoneos;
				VALIDATE_PRODUCT = YES;
			};
			name = Release;
		};
		CDD3CD361AF9134000F7AF27 /* Debug */ = {
			isa = XCBuildConfiguration;
			buildSettings = {
				ASSETCATALOG_COMPILER_APPICON_NAME = AppIcon;
				INFOPLIST_FILE = CoreData/Info.plist;
				LD_RUNPATH_SEARCH_PATHS = "$(inherited) @executable_path/Frameworks";
				PRODUCT_NAME = "$(TARGET_NAME)";
			};
			name = Debug;
		};
		CDD3CD371AF9134000F7AF27 /* Release */ = {
			isa = XCBuildConfiguration;
			buildSettings = {
				ASSETCATALOG_COMPILER_APPICON_NAME = AppIcon;
				INFOPLIST_FILE = CoreData/Info.plist;
				LD_RUNPATH_SEARCH_PATHS = "$(inherited) @executable_path/Frameworks";
				PRODUCT_NAME = "$(TARGET_NAME)";
			};
			name = Release;
		};
		CDD3CD391AF9134000F7AF27 /* Debug */ = {
			isa = XCBuildConfiguration;
			buildSettings = {
				BUNDLE_LOADER = "$(TEST_HOST)";
				FRAMEWORK_SEARCH_PATHS = (
					"$(SDKROOT)/Developer/Library/Frameworks",
					"$(inherited)",
				);
				GCC_PREPROCESSOR_DEFINITIONS = (
					"DEBUG=1",
					"$(inherited)",
				);
				INFOPLIST_FILE = CoreDataTests/Info.plist;
				LD_RUNPATH_SEARCH_PATHS = "$(inherited) @executable_path/Frameworks @loader_path/Frameworks";
				PRODUCT_NAME = "$(TARGET_NAME)";
				TEST_HOST = "$(BUILT_PRODUCTS_DIR)/CoreData.app/CoreData";
			};
			name = Debug;
		};
		CDD3CD3A1AF9134000F7AF27 /* Release */ = {
			isa = XCBuildConfiguration;
			buildSettings = {
				BUNDLE_LOADER = "$(TEST_HOST)";
				FRAMEWORK_SEARCH_PATHS = (
					"$(SDKROOT)/Developer/Library/Frameworks",
					"$(inherited)",
				);
				INFOPLIST_FILE = CoreDataTests/Info.plist;
				LD_RUNPATH_SEARCH_PATHS = "$(inherited) @executable_path/Frameworks @loader_path/Frameworks";
				PRODUCT_NAME = "$(TARGET_NAME)";
				TEST_HOST = "$(BUILT_PRODUCTS_DIR)/CoreData.app/CoreData";
			};
			name = Release;
		};
/* End XCBuildConfiguration section */

/* Begin XCConfigurationList section */
		CDD3CD0E1AF9134000F7AF27 /* Build configuration list for PBXProject "CoreData" */ = {
			isa = XCConfigurationList;
			buildConfigurations = (
				CDD3CD331AF9134000F7AF27 /* Debug */,
				CDD3CD341AF9134000F7AF27 /* Release */,
			);
			defaultConfigurationIsVisible = 0;
			defaultConfigurationName = Release;
		};
		CDD3CD351AF9134000F7AF27 /* Build configuration list for PBXNativeTarget "CoreData" */ = {
			isa = XCConfigurationList;
			buildConfigurations = (
				CDD3CD361AF9134000F7AF27 /* Debug */,
				CDD3CD371AF9134000F7AF27 /* Release */,
			);
			defaultConfigurationIsVisible = 0;
		};
		CDD3CD381AF9134000F7AF27 /* Build configuration list for PBXNativeTarget "CoreDataTests" */ = {
			isa = XCConfigurationList;
			buildConfigurations = (
				CDD3CD391AF9134000F7AF27 /* Debug */,
				CDD3CD3A1AF9134000F7AF27 /* Release */,
			);
			defaultConfigurationIsVisible = 0;
		};
/* End XCConfigurationList section */

/* Begin XCVersionGroup section */
		CDD3CD1A1AF9134000F7AF27 /* CoreData.xcdatamodeld */ = {
			isa = XCVersionGroup;
			children = (
				CDD3CD1B1AF9134000F7AF27 /* CoreData.xcdatamodel */,
			);
			currentVersion = CDD3CD1B1AF9134000F7AF27 /* CoreData.xcdatamodel */;
			path = CoreData.xcdatamodeld;
			sourceTree = "<group>";
			versionGroupType = wrapper.xcdatamodel;
		};
/* End XCVersionGroup section */
	};
	rootObject = CDD3CD0B1AF9134000F7AF27 /* Project object */;
}
